
Microsoft Visual Studio Solution File, Format Version 12.00
# Visual Studio Version 16
VisualStudioVersion = 16.0.31729.503
MinimumVisualStudioVersion = 10.0.40219.1
Project("{FAE04EC0-301F-11D3-BF4B-00C04F79EFBC}") = "exercicio_enumeracao_composicao", "exercicio_enumeracao_composicao.csproj", "{6AB55C3A-8056-45C4-8A5E-6068571FDC0E}"
EndProject
Global
	GlobalSection(SolutionConfigurationPlatforms) = preSolution
		Debug|Any CPU = Debug|Any CPU
		Release|Any CPU = Release|Any CPU
	EndGlobalSection
	GlobalSection(ProjectConfigurationPlatforms) = postSolution
		{6AB55C3A-8056-45C4-8A5E-6068571FDC0E}.Debug|Any CPU.ActiveCfg = Debug|Any CPU
		{6AB55C3A-8056-45C4-8A5E-6068571FDC0E}.Debug|Any CPU.Build.0 = Debug|Any CPU
		{6AB55C3A-8056-45C4-8A5E-6068571FDC0E}.Release|Any CPU.ActiveCfg = Release|Any CPU
		{6AB55C3A-8056-45C4-8A5E-6068571FDC0E}.Release|Any CPU.Build.0 = Release|Any CPU
	EndGlobalSection
	GlobalSection(SolutionProperties) = preSolution
		HideSolutionNode = FALSE
	EndGlobalSection
	GlobalSection(ExtensibilityGlobals) = postSolution
		SolutionGuid = {3C7E03A8-A989-4219-9883-164FC595C021}
	EndGlobalSection
EndGlobal
